{
  "nodes": {
    "flake-schemas": {
      "locked": {
        "lastModified": 1697467827,
        "narHash": "sha256-j8SR19V1SRysyJwpOBF4TLuAvAjF5t+gMiboN4gYQDU=",
        "rev": "764932025c817d4e500a8d2a4d8c565563923d29",
        "revCount": 29,
        "type": "tarball",
        "url": "https://api.flakehub.com/f/pinned/DeterminateSystems/flake-schemas/0.1.2/018b3da8-4cc3-7fbb-8ff7-1588413c53e2/source.tar.gz"
      },
      "original": {
        "type": "tarball",
        "url": "https://flakehub.com/f/DeterminateSystems/flake-schemas/%2A.tar.gz"
      }
    },
    "home-manager": {
      "inputs": {
        "nixpkgs": [
          "nixpkgs"
        ]
      },
      "locked": {
        "lastModified": 1702203126,
        "narHash": "sha256-4BhN2Vji19MzRC7SUfPZGmtZ2WZydQeUk/ogfRBIZMs=",
        "owner": "nix-community",
        "repo": "home-manager",
        "rev": "defbb9c5857e157703e8fc7cf3c2ceb01cb95883",
        "type": "github"
      },
      "original": {
        "owner": "nix-community",
        "repo": "home-manager",
        "type": "github"
      }
    },
    "nixos-hardware": {
      "locked": {
        "lastModified": 1703545041,
        "narHash": "sha256-nvQA+k1rSszrf4kA4eK2i/SGbzoXyoKHzzyzq/Jca1w=",
        "owner": "NixOS",
        "repo": "nixos-hardware",
        "rev": "a15b6e525f5737a47b4ce28445c836996fb2ea8c",
        "type": "github"
      },
      "original": {
        "owner": "NixOS",
        "ref": "master",
        "repo": "nixos-hardware",
        "type": "github"
      }
    },
    "nixpkgs": {
      "locked": {
        "lastModified": 1707786466,
        "narHash": "sha256-yLPfrmW87M2qt+8bAmwopJawa+MJLh3M9rUbXtpUc1o=",
        "owner": "nixos",
        "repo": "nixpkgs",
        "rev": "01885a071465e223f8f68971f864b15829988504",
        "type": "github"
      },
      "original": {
        "owner": "nixos",
        "ref": "nixos-23.11",
        "repo": "nixpkgs",
        "type": "github"
      }
    },
    "nixpkgs_2": {
      "locked": {
        "lastModified": 1705856552,
        "narHash": "sha256-JXfnuEf5Yd6bhMs/uvM67/joxYKoysyE3M2k6T3eWbg=",
        "rev": "612f97239e2cc474c13c9dafa0df378058c5ad8d",
        "revCount": 574351,
        "type": "tarball",
        "url": "https://api.flakehub.com/f/pinned/NixOS/nixpkgs/0.1.574351%2Brev-612f97239e2cc474c13c9dafa0df378058c5ad8d/018d3085-aff0-7a0b-ab80-1a9c414de8cd/source.tar.gz"
      },
      "original": {
        "type": "tarball",
        "url": "https://flakehub.com/f/NixOS/nixpkgs/0.1.%2A.tar.gz"
      }
    },
    "root": {
      "inputs": {
        "home-manager": "home-manager",
        "nixos-hardware": "nixos-hardware",
        "nixpkgs": "nixpkgs",
        "sway-git-overlay": "sway-git-overlay"
      }
    },
    "sway-git": {
      "flake": false,
      "locked": {
        "lastModified": 1705870895,
        "narHash": "sha256-20GAexhE095W7DQR8oh2pYYFHe7GpF3CkcsRQM6xcpg=",
        "owner": "swaywm",
        "repo": "sway",
        "rev": "e8c421e917ac59cdf50e5fd366155ea875e4a29e",
        "type": "github"
      },
      "original": {
        "owner": "swaywm",
        "repo": "sway",
        "type": "github"
      }
    },
    "sway-git-overlay": {
      "inputs": {
        "flake-schemas": "flake-schemas",
        "nixpkgs": "nixpkgs_2",
        "sway-git": "sway-git",
        "wlroots-git": "wlroots-git"
      },
      "locked": {
        "lastModified": 1705931686,
        "narHash": "sha256-dbl2W3LEN54zTn1VwjoctQcLKrMO70AIJ21a/rsKv90=",
        "owner": "jalil-salame",
        "repo": "sway-git-overlay",
        "rev": "e4262f1bf678867f369ba2e46f3705b7fdf6643e",
        "type": "github"
      },
      "original": {
        "owner": "jalil-salame",
        "repo": "sway-git-overlay",
        "type": "github"
      }
    },
    "wlroots-git": {
      "flake": false,
      "locked": {
        "host": "gitlab.freedesktop.org",
        "lastModified": 1705602032,
        "narHash": "sha256-AlIFB2MN2Du1lbtxHnXYSyaSKt+dbGHBxcW6Xqmv/z8=",
        "owner": "wlroots",
        "repo": "wlroots",
        "rev": "0b090c83fb5b5c5741d9a9566a499eabbe079f38",
        "type": "gitlab"
      },
      "original": {
        "host": "gitlab.freedesktop.org",
        "owner": "wlroots",
        "repo": "wlroots",
        "type": "gitlab"
      }
    }
  },
  "root": "root",
  "version": 7
}
