{
  "nodes": {
    "home-manager": {
      "inputs": {
        "nixpkgs": [
          "nixpkgs"
        ]
      },
      "locked": {
        "lastModified": 1710062421,
        "narHash": "sha256-FiCNRfyUgJOLYIokLiFsfI7B+Zn9HDnOzFR3uVr5qsQ=",
        "owner": "nix-community",
        "repo": "home-manager",
        "rev": "36f873dfc8e2b6b89936ff3e2b74803d50447e0a",
        "type": "github"
      },
      "original": {
        "owner": "nix-community",
        "repo": "home-manager",
        "type": "github"
      }
    },
    "nixos-hardware": {
      "locked": {
        "lastModified": 1703545041,
        "narHash": "sha256-nvQA+k1rSszrf4kA4eK2i/SGbzoXyoKHzzyzq/Jca1w=",
        "owner": "NixOS",
        "repo": "nixos-hardware",
        "rev": "a15b6e525f5737a47b4ce28445c836996fb2ea8c",
        "type": "github"
      },
      "original": {
        "owner": "NixOS",
        "ref": "master",
        "repo": "nixos-hardware",
        "type": "github"
      }
    },
    "nixpkgs": {
      "locked": {
        "lastModified": 1709961763,
        "narHash": "sha256-6H95HGJHhEZtyYA3rIQpvamMKAGoa8Yh2rFV29QnuGw=",
        "owner": "nixos",
        "repo": "nixpkgs",
        "rev": "3030f185ba6a4bf4f18b87f345f104e6a6961f34",
        "type": "github"
      },
      "original": {
        "owner": "nixos",
        "ref": "nixos-unstable",
        "repo": "nixpkgs",
        "type": "github"
      }
    },
    "root": {
      "inputs": {
        "home-manager": "home-manager",
        "nixos-hardware": "nixos-hardware",
        "nixpkgs": "nixpkgs"
      }
    }
  },
  "root": "root",
  "version": 7
}
