{
  "nodes": {
    "flake-schemas": {
      "locked": {
        "lastModified": 1697467827,
        "narHash": "sha256-j8SR19V1SRysyJwpOBF4TLuAvAjF5t+gMiboN4gYQDU=",
        "rev": "764932025c817d4e500a8d2a4d8c565563923d29",
        "revCount": 29,
        "type": "tarball",
        "url": "https://api.flakehub.com/f/pinned/DeterminateSystems/flake-schemas/0.1.2/018b3da8-4cc3-7fbb-8ff7-1588413c53e2/source.tar.gz"
      },
      "original": {
        "type": "tarball",
        "url": "https://flakehub.com/f/DeterminateSystems/flake-schemas/%2A.tar.gz"
      }
    },
    "home-manager": {
      "inputs": {
        "nixpkgs": [
          "nixpkgs"
        ]
      },
      "locked": {
        "lastModified": 1706981411,
        "narHash": "sha256-cLbLPTL1CDmETVh4p0nQtvoF+FSEjsnJTFpTxhXywhQ=",
        "owner": "nix-community",
        "repo": "home-manager",
        "rev": "652fda4ca6dafeb090943422c34ae9145787af37",
        "type": "github"
      },
      "original": {
        "owner": "nix-community",
        "ref": "release-23.11",
        "repo": "home-manager",
        "type": "github"
      }
    },
    "nixos-hardware": {
      "locked": {
        "lastModified": 1703545041,
        "narHash": "sha256-nvQA+k1rSszrf4kA4eK2i/SGbzoXyoKHzzyzq/Jca1w=",
        "owner": "NixOS",
        "repo": "nixos-hardware",
        "rev": "a15b6e525f5737a47b4ce28445c836996fb2ea8c",
        "type": "github"
      },
      "original": {
        "owner": "NixOS",
        "ref": "master",
        "repo": "nixos-hardware",
        "type": "github"
      }
    },
    "nixpkgs": {
      "locked": {
        "lastModified": 1707786466,
        "narHash": "sha256-yLPfrmW87M2qt+8bAmwopJawa+MJLh3M9rUbXtpUc1o=",
        "owner": "nixos",
        "repo": "nixpkgs",
        "rev": "01885a071465e223f8f68971f864b15829988504",
        "type": "github"
      },
      "original": {
        "owner": "nixos",
        "ref": "nixos-23.11",
        "repo": "nixpkgs",
        "type": "github"
      }
    },
    "nixpkgs_2": {
      "locked": {
        "lastModified": 1707268954,
        "narHash": "sha256-2en1kvde3cJVc3ZnTy8QeD2oKcseLFjYPLKhIGDanQ0=",
        "rev": "f8e2ebd66d097614d51a56a755450d4ae1632df1",
        "revCount": 581229,
        "type": "tarball",
        "url": "https://api.flakehub.com/f/pinned/NixOS/nixpkgs/0.1.581229%2Brev-f8e2ebd66d097614d51a56a755450d4ae1632df1/018d8a37-bd05-79cb-a42f-290c1f0ca0ce/source.tar.gz"
      },
      "original": {
        "type": "tarball",
        "url": "https://flakehub.com/f/NixOS/nixpkgs/0.1.%2A.tar.gz"
      }
    },
    "root": {
      "inputs": {
        "home-manager": "home-manager",
        "nixos-hardware": "nixos-hardware",
        "nixpkgs": "nixpkgs",
        "sway-git-overlay": "sway-git-overlay"
      }
    },
    "sway-git": {
      "flake": false,
      "locked": {
        "lastModified": 1707426684,
        "narHash": "sha256-oHgWAFUe2DgWuN9R0LfJwn2nOOwzgTnBlWagsfihOuQ=",
        "owner": "swaywm",
        "repo": "sway",
        "rev": "88b2abf5f208422ffc503c2c1d2a0de95d9ec4c5",
        "type": "github"
      },
      "original": {
        "owner": "swaywm",
        "repo": "sway",
        "type": "github"
      }
    },
    "sway-git-overlay": {
      "inputs": {
        "flake-schemas": "flake-schemas",
        "nixpkgs": "nixpkgs_2",
        "sway-git": "sway-git",
        "wlroots-git": "wlroots-git"
      },
      "locked": {
        "lastModified": 1707512549,
        "narHash": "sha256-Mky0tGSeGGhTBmWradKjWQ8opW+WH2sdZil4qEr8ytc=",
        "owner": "jalil-salame",
        "repo": "sway-git-overlay",
        "rev": "fdf7bbfeb0d2b148726a2379b7ed836cd0d9b78d",
        "type": "github"
      },
      "original": {
        "owner": "jalil-salame",
        "repo": "sway-git-overlay",
        "type": "github"
      }
    },
    "wlroots-git": {
      "flake": false,
      "locked": {
        "host": "gitlab.freedesktop.org",
        "lastModified": 1707246369,
        "narHash": "sha256-ou/gImZfa+YO8ir3ENaT727QlO8bpqwSkkhPlVB45hU=",
        "owner": "wlroots",
        "repo": "wlroots",
        "rev": "cb815e88476cac1fb5ce2e369672e4beb4f5d469",
        "type": "gitlab"
      },
      "original": {
        "host": "gitlab.freedesktop.org",
        "owner": "wlroots",
        "repo": "wlroots",
        "type": "gitlab"
      }
    }
  },
  "root": "root",
  "version": 7
}
